{
  "originHash" : "224fda03f5ad234fe4ce3d44dc0624b309acfaf492425143e4820100540c67ac",
  "pins" : [
    {
      "identity" : "highlighterswift",
      "kind" : "remoteSourceControl",
      "location" : "https://github.com/smittytone/HighlighterSwift.git",
      "state" : {
        "revision" : "fe7aae9c9b31d3b296fd3d2dd575e1a207bb29e0",
        "version" : "3.1.0"
      }
    }
  ],
  "version" : 3
}
